"node_modules/dfa": {
  "version": "1.2.0",
  "resolved": "https://registry.npmjs.org/dfa/-/dfa-1.2.0.tgz",
  "integrity": "sha512-ED3jP8saaweFTjeGX8HQPjeC1YYyZs98jGNZx6IiBvxW7JG5v492kamAQB3m2wop07CvU/RQmzcKr6bgcC5D/Q==",
  "license": "MIT"
},
"node_modules/dotenv": {
  "version": "16.6.1",
  "resolved": "https://registry.npmjs.org/dotenv/-/dotenv-16.6.1.tgz",
  "integrity": "sha512-uBq4egWHTcTt33a72vpSG0z3HnPuIl6NqYcTrKEg2azoEyl2hpW0zqlxysq2pK9HlDIHyHyakeYaYnSAwd8bow==",
  "license": "BSD-2-Clause",
  "engines": {
    "node": ">=12"
  },
  "funding": {
    "url": "https://dotenvx.com"
  }
},
"node_modules/dunder-proto": {
  "version": "1.0.1",
  "resolved": "https://registry.npmjs.org/dunder-proto/-/dunder-proto-1.0.1.tgz",
  "integrity": "sha512-KIN/nDJBQRcXw0MLVhZE9iQHmG68qAVIBg9CqmUYjmQIhgij9U5MFvrqkUL5FbtyyzZuOeOt0zdeRe4UY7ct+A==",
  "license": "MIT",
  "dependencies": {
    "call-bind-apply-helpers": "^1.0.1",
    "es-errors": "^1.3.0",
    "gopd": "^1.2.0"
  },
  "engines": {
    "node": ">= 0.4"
  }
},
"node_modules/fast-deep-equal": {
  "version": "3.1.3",
  "resolved": "https://registry.npmjs.org/fast-deep-equal/-/fast-deep-equal-3.1.3.tgz",
  "integrity": "sha512-f3qQ9oQy9j2AhBe/H9VC91wLmKBCCU/gDOnKNAYG5hswO7BLKj09Hc5HYNz9cGI++xlpDCIgDaitVs03ATR84Q==",
  "license": "MIT"
},
"node_modules/fontkit": {
  "version": "2.0.4",
  "resolved": "https://registry.npmjs.org/fontkit/-/fontkit-2.0.4.tgz",
  "integrity": "sha512-syetQadaUEDNdxdugga9CpEYVaQIxOwk7GlwZWWZ19//qW4zE5bknOKeMBDYAASwnpaSHKJITRLMF9m1fp3s6g==",
  "license": "MIT",
  "dependencies": {
    "@swc/helpers": "^0.5.12",
    "brotli": "^1.3.2",
    "clone": "^2.1.2",
    "dfa": "^1.2.0",
    "fast-deep-equal": "^3.1.3",
    "restructure": "^3.0.0",
    "tiny-inflate": "^1.0.3",
    "unicode-properties": "^1.4.0",
    "unicode-trie": "^2.0.0"
  }
},
"node_modules/jpeg-exif": {
  "version": "1.1.4",
  "resolved": "https://registry.npmjs.org/jpeg-exif/-/jpeg-exif-1.1.4.tgz",
  "integrity": "sha512-a+bKEcCjtuW5WTdgeXFzswSrdqi0jk4XlEtZlx5A94wCoBpFjfFTbo/Tra5SpNCl/YFZPvcV1dJc+TAYeg6ROQ==",
  "license": "MIT"
}{
  "name": "my-backend-project",
  "version": "1.0.0",
  "lockfileVersion": 2,
  "requires": true,
  "packages": {
    "": {
      "name": "my-backend-project",
      "version": "1.0.0",
      "dependencies": {
        "express": "^4.18.2",
        "mysql2": "^3.6.0",
        "axios": "^1.6.7"
      }
    },
    "node_modules/express": {
      "version": "4.18.2",
      "resolved": "https://registry.npmjs.org/express/-/express-4.18.2.tgz",
      "integrity": "sha512-...."
    },
    "node_modules/mysql2": {
      "version": "3.6.0",
      "resolved": "https://registry.npmjs.org/mysql2/-/mysql2-3.6.0.tgz",
      "integrity": "sha512-...."
    },
    "node_modules/axios": {
      "version": "1.6.7",
      "resolved": "https://registry.npmjs.org/axios/-/axios-1.6.7.tgz",
      "integrity": "sha512-...."
    }
  },
  "dependencies": {
    "express": {
      "version": "4.18.2"
    },
    "mysql2": {
      "version": "3.6.0"
    },
    "axios": {
      "version": "1.6.7"
    }
  }
}